
Microsoft Visual Studio Solution File, Format Version 12.00
# Visual Studio 15
VisualStudioVersion = 15.0.27428.2002
MinimumVisualStudioVersion = 10.0.40219.1
Project("{888888A0-9F3D-457C-B088-3A5042F75D52}") = "myproject", "myproject\myproject.pyproj", "{C1FA8AFD-7422-4267-9B77-DA61AC26F4A2}"
EndProject
Global
	GlobalSection(SolutionConfigurationPlatforms) = preSolution
		Debug|Any CPU = Debug|Any CPU
		Release|Any CPU = Release|Any CPU
	EndGlobalSection
	GlobalSection(ProjectConfigurationPlatforms) = postSolution
		{C1FA8AFD-7422-4267-9B77-DA61AC26F4A2}.Debug|Any CPU.ActiveCfg = Debug|Any CPU
		{C1FA8AFD-7422-4267-9B77-DA61AC26F4A2}.Release|Any CPU.ActiveCfg = Release|Any CPU
	EndGlobalSection
	GlobalSection(SolutionProperties) = preSolution
		HideSolutionNode = FALSE
	EndGlobalSection
	GlobalSection(ExtensibilityGlobals) = postSolution
		SolutionGuid = {C568F15E-8C7E-48B1-B771-8045D81C05AB}
	EndGlobalSection
EndGlobal
