
Microsoft Visual Studio Solution File, Format Version 12.00
# Visual Studio 15
VisualStudioVersion = 15.0.27428.2002
MinimumVisualStudioVersion = 10.0.40219.1
Project("{888888A0-9F3D-457C-B088-3A5042F75D52}") = "Alien_invasion", "Alien_invasion\Alien_invasion.pyproj", "{4A7D63CA-8FCF-4FFF-88B5-3634D1035EBE}"
EndProject
Global
	GlobalSection(SolutionConfigurationPlatforms) = preSolution
		Debug|Any CPU = Debug|Any CPU
		Release|Any CPU = Release|Any CPU
	EndGlobalSection
	GlobalSection(ProjectConfigurationPlatforms) = postSolution
		{4A7D63CA-8FCF-4FFF-88B5-3634D1035EBE}.Debug|Any CPU.ActiveCfg = Debug|Any CPU
		{4A7D63CA-8FCF-4FFF-88B5-3634D1035EBE}.Release|Any CPU.ActiveCfg = Release|Any CPU
	EndGlobalSection
	GlobalSection(SolutionProperties) = preSolution
		HideSolutionNode = FALSE
	EndGlobalSection
	GlobalSection(ExtensibilityGlobals) = postSolution
		SolutionGuid = {0634A2C7-9ABB-477C-B16C-F5DFD0A23613}
	EndGlobalSection
EndGlobal
